// !$*UTF8*$!
{
	archiveVersion = 1;
	classes = {
	};
	objectVersion = 55;
	objects = {

/* Begin PBXBuildFile section */
		F956447829378BDE00EC0BB5 /* UIView + Extension.swift in Sources */ = {isa = PBXBuildFile; fileRef = F956447729378BDE00EC0BB5 /* UIView + Extension.swift */; };
		F999BCBD29376DD500D32F73 /* AppDelegate.swift in Sources */ = {isa = PBXBuildFile; fileRef = F999BCBC29376DD500D32F73 /* AppDelegate.swift */; };
		F999BCBF29376DD500D32F73 /* SceneDelegate.swift in Sources */ = {isa = PBXBuildFile; fileRef = F999BCBE29376DD500D32F73 /* SceneDelegate.swift */; };
		F999BCC629376DD700D32F73 /* Assets.xcassets in Resources */ = {isa = PBXBuildFile; fileRef = F999BCC529376DD700D32F73 /* Assets.xcassets */; };
		F999BCC929376DD700D32F73 /* LaunchScreen.storyboard in Resources */ = {isa = PBXBuildFile; fileRef = F999BCC729376DD700D32F73 /* LaunchScreen.storyboard */; };
		F999BCF229376F2B00D32F73 /* HomeViewController.swift in Sources */ = {isa = PBXBuildFile; fileRef = F999BCF129376F2B00D32F73 /* HomeViewController.swift */; };
		F999BCF429376F5C00D32F73 /* HomeViewController.storyboard in Resources */ = {isa = PBXBuildFile; fileRef = F999BCF329376F5C00D32F73 /* HomeViewController.storyboard */; };
/* End PBXBuildFile section */

/* Begin PBXContainerItemProxy section */
		F999BCD029376DD800D32F73 /* PBXContainerItemProxy */ = {
			isa = PBXContainerItemProxy;
			containerPortal = F999BCB129376DD500D32F73 /* Project object */;
			proxyType = 1;
			remoteGlobalIDString = F999BCB829376DD500D32F73;
			remoteInfo = QuizzGame;
		};
		F999BCDA29376DD800D32F73 /* PBXContainerItemProxy */ = {
			isa = PBXContainerItemProxy;
			containerPortal = F999BCB129376DD500D32F73 /* Project object */;
			proxyType = 1;
			remoteGlobalIDString = F999BCB829376DD500D32F73;
			remoteInfo = QuizzGame;
		};
/* End PBXContainerItemProxy section */

/* Begin PBXFileReference section */
		F956447729378BDE00EC0BB5 /* UIView + Extension.swift */ = {isa = PBXFileReference; lastKnownFileType = sourcecode.swift; path = "UIView + Extension.swift"; sourceTree = "<group>"; };
		F999BCB929376DD500D32F73 /* QuizzGame.app */ = {isa = PBXFileReference; explicitFileType = wrapper.application; includeInIndex = 0; path = QuizzGame.app; sourceTree = BUILT_PRODUCTS_DIR; };
		F999BCBC29376DD500D32F73 /* AppDelegate.swift */ = {isa = PBXFileReference; lastKnownFileType = sourcecode.swift; path = AppDelegate.swift; sourceTree = "<group>"; };
		F999BCBE29376DD500D32F73 /* SceneDelegate.swift */ = {isa = PBXFileReference; lastKnownFileType = sourcecode.swift; path = SceneDelegate.swift; sourceTree = "<group>"; };
		F999BCC529376DD700D32F73 /* Assets.xcassets */ = {isa = PBXFileReference; lastKnownFileType = folder.assetcatalog; path = Assets.xcassets; sourceTree = "<group>"; };
		F999BCC829376DD700D32F73 /* Base */ = {isa = PBXFileReference; lastKnownFileType = file.storyboard; name = Base; path = Base.lproj/LaunchScreen.storyboard; sourceTree = "<group>"; };
		F999BCCA29376DD700D32F73 /* Info.plist */ = {isa = PBXFileReference; lastKnownFileType = text.plist.xml; path = Info.plist; sourceTree = "<group>"; };
		F999BCCF29376DD800D32F73 /* QuizzGameTests.xctest */ = {isa = PBXFileReference; explicitFileType = wrapper.cfbundle; includeInIndex = 0; path = QuizzGameTests.xctest; sourceTree = BUILT_PRODUCTS_DIR; };
		F999BCD929376DD800D32F73 /* QuizzGameUITests.xctest */ = {isa = PBXFileReference; explicitFileType = wrapper.cfbundle; includeInIndex = 0; path = QuizzGameUITests.xctest; sourceTree = BUILT_PRODUCTS_DIR; };
		F999BCF129376F2B00D32F73 /* HomeViewController.swift */ = {isa = PBXFileReference; lastKnownFileType = sourcecode.swift; path = HomeViewController.swift; sourceTree = "<group>"; };
		F999BCF329376F5C00D32F73 /* HomeViewController.storyboard */ = {isa = PBXFileReference; lastKnownFileType = file.storyboard; path = HomeViewController.storyboard; sourceTree = "<group>"; };
/* End PBXFileReference section */

/* Begin PBXFrameworksBuildPhase section */
		F999BCB629376DD500D32F73 /* Frameworks */ = {
			isa = PBXFrameworksBuildPhase;
			buildActionMask = 2147483647;
			files = (
			);
			runOnlyForDeploymentPostprocessing = 0;
		};
		F999BCCC29376DD800D32F73 /* Frameworks */ = {
			isa = PBXFrameworksBuildPhase;
			buildActionMask = 2147483647;
			files = (
			);
			runOnlyForDeploymentPostprocessing = 0;
		};
		F999BCD629376DD800D32F73 /* Frameworks */ = {
			isa = PBXFrameworksBuildPhase;
			buildActionMask = 2147483647;
			files = (
			);
			runOnlyForDeploymentPostprocessing = 0;
		};
/* End PBXFrameworksBuildPhase section */

/* Begin PBXGroup section */
		F956447629378B9E00EC0BB5 /* Utils */ = {
			isa = PBXGroup;
			children = (
				F956447729378BDE00EC0BB5 /* UIView + Extension.swift */,
			);
			path = Utils;
			sourceTree = "<group>";
		};
		F999BCB029376DD500D32F73 = {
			isa = PBXGroup;
			children = (
				F999BCBB29376DD500D32F73 /* QuizzGame */,
				F999BCBA29376DD500D32F73 /* Products */,
			);
			sourceTree = "<group>";
		};
		F999BCBA29376DD500D32F73 /* Products */ = {
			isa = PBXGroup;
			children = (
				F999BCB929376DD500D32F73 /* QuizzGame.app */,
				F999BCCF29376DD800D32F73 /* QuizzGameTests.xctest */,
				F999BCD929376DD800D32F73 /* QuizzGameUITests.xctest */,
			);
			name = Products;
			sourceTree = "<group>";
		};
		F999BCBB29376DD500D32F73 /* QuizzGame */ = {
			isa = PBXGroup;
			children = (
				F999BCEF29376E6900D32F73 /* Controller */,
				F999BCEE29376E5200D32F73 /* View */,
				F999BCEC29376E3700D32F73 /* Model */,
				F956447629378B9E00EC0BB5 /* Utils */,
				F999BCF029376E7700D32F73 /* Assets */,
			);
			path = QuizzGame;
			sourceTree = "<group>";
		};
		F999BCEC29376E3700D32F73 /* Model */ = {
			isa = PBXGroup;
			children = (
			);
			path = Model;
			sourceTree = "<group>";
		};
		F999BCEE29376E5200D32F73 /* View */ = {
			isa = PBXGroup;
			children = (
				F999BCF329376F5C00D32F73 /* HomeViewController.storyboard */,
			);
			path = View;
			sourceTree = "<group>";
		};
		F999BCEF29376E6900D32F73 /* Controller */ = {
			isa = PBXGroup;
			children = (
				F999BCF129376F2B00D32F73 /* HomeViewController.swift */,
			);
			path = Controller;
			sourceTree = "<group>";
		};
		F999BCF029376E7700D32F73 /* Assets */ = {
			isa = PBXGroup;
			children = (
				F999BCC529376DD700D32F73 /* Assets.xcassets */,
				F999BCBC29376DD500D32F73 /* AppDelegate.swift */,
				F999BCBE29376DD500D32F73 /* SceneDelegate.swift */,
				F999BCC729376DD700D32F73 /* LaunchScreen.storyboard */,
				F999BCCA29376DD700D32F73 /* Info.plist */,
			);
			path = Assets;
			sourceTree = "<group>";
		};
/* End PBXGroup section */

/* Begin PBXNativeTarget section */
		F999BCB829376DD500D32F73 /* QuizzGame */ = {
			isa = PBXNativeTarget;
			buildConfigurationList = F999BCE329376DD800D32F73 /* Build configuration list for PBXNativeTarget "QuizzGame" */;
			buildPhases = (
				F999BCB529376DD500D32F73 /* Sources */,
				F999BCB629376DD500D32F73 /* Frameworks */,
				F999BCB729376DD500D32F73 /* Resources */,
			);
			buildRules = (
			);
			dependencies = (
			);
			name = QuizzGame;
			productName = QuizzGame;
			productReference = F999BCB929376DD500D32F73 /* QuizzGame.app */;
			productType = "com.apple.product-type.application";
		};
		F999BCCE29376DD800D32F73 /* QuizzGameTests */ = {
			isa = PBXNativeTarget;
			buildConfigurationList = F999BCE629376DD800D32F73 /* Build configuration list for PBXNativeTarget "QuizzGameTests" */;
			buildPhases = (
				F999BCCB29376DD800D32F73 /* Sources */,
				F999BCCC29376DD800D32F73 /* Frameworks */,
				F999BCCD29376DD800D32F73 /* Resources */,
			);
			buildRules = (
			);
			dependencies = (
				F999BCD129376DD800D32F73 /* PBXTargetDependency */,
			);
			name = QuizzGameTests;
			productName = QuizzGameTests;
			productReference = F999BCCF29376DD800D32F73 /* QuizzGameTests.xctest */;
			productType = "com.apple.product-type.bundle.unit-test";
		};
		F999BCD829376DD800D32F73 /* QuizzGameUITests */ = {
			isa = PBXNativeTarget;
			buildConfigurationList = F999BCE929376DD800D32F73 /* Build configuration list for PBXNativeTarget "QuizzGameUITests" */;
			buildPhases = (
				F999BCD529376DD800D32F73 /* Sources */,
				F999BCD629376DD800D32F73 /* Frameworks */,
				F999BCD729376DD800D32F73 /* Resources */,
			);
			buildRules = (
			);
			dependencies = (
				F999BCDB29376DD800D32F73 /* PBXTargetDependency */,
			);
			name = QuizzGameUITests;
			productName = QuizzGameUITests;
			productReference = F999BCD929376DD800D32F73 /* QuizzGameUITests.xctest */;
			productType = "com.apple.product-type.bundle.ui-testing";
		};
/* End PBXNativeTarget section */

/* Begin PBXProject section */
		F999BCB129376DD500D32F73 /* Project object */ = {
			isa = PBXProject;
			attributes = {
				BuildIndependentTargetsInParallel = 1;
				LastSwiftUpdateCheck = 1340;
				LastUpgradeCheck = 1340;
				TargetAttributes = {
					F999BCB829376DD500D32F73 = {
						CreatedOnToolsVersion = 13.4.1;
					};
					F999BCCE29376DD800D32F73 = {
						CreatedOnToolsVersion = 13.4.1;
						TestTargetID = F999BCB829376DD500D32F73;
					};
					F999BCD829376DD800D32F73 = {
						CreatedOnToolsVersion = 13.4.1;
						TestTargetID = F999BCB829376DD500D32F73;
					};
				};
			};
			buildConfigurationList = F999BCB429376DD500D32F73 /* Build configuration list for PBXProject "QuizzGame" */;
			compatibilityVersion = "Xcode 13.0";
			developmentRegion = en;
			hasScannedForEncodings = 0;
			knownRegions = (
				en,
				Base,
			);
			mainGroup = F999BCB029376DD500D32F73;
			productRefGroup = F999BCBA29376DD500D32F73 /* Products */;
			projectDirPath = "";
			projectRoot = "";
			targets = (
				F999BCB829376DD500D32F73 /* QuizzGame */,
				F999BCCE29376DD800D32F73 /* QuizzGameTests */,
				F999BCD829376DD800D32F73 /* QuizzGameUITests */,
			);
		};
/* End PBXProject section */

/* Begin PBXResourcesBuildPhase section */
		F999BCB729376DD500D32F73 /* Resources */ = {
			isa = PBXResourcesBuildPhase;
			buildActionMask = 2147483647;
			files = (
				F999BCC929376DD700D32F73 /* LaunchScreen.storyboard in Resources */,
				F999BCC629376DD700D32F73 /* Assets.xcassets in Resources */,
				F999BCF429376F5C00D32F73 /* HomeViewController.storyboard in Resources */,
			);
			runOnlyForDeploymentPostprocessing = 0;
		};
		F999BCCD29376DD800D32F73 /* Resources */ = {
			isa = PBXResourcesBuildPhase;
			buildActionMask = 2147483647;
			files = (
			);
			runOnlyForDeploymentPostprocessing = 0;
		};
		F999BCD729376DD800D32F73 /* Resources */ = {
			isa = PBXResourcesBuildPhase;
			buildActionMask = 2147483647;
			files = (
			);
			runOnlyForDeploymentPostprocessing = 0;
		};
/* End PBXResourcesBuildPhase section */

/* Begin PBXSourcesBuildPhase section */
		F999BCB529376DD500D32F73 /* Sources */ = {
			isa = PBXSourcesBuildPhase;
			buildActionMask = 2147483647;
			files = (
				F956447829378BDE00EC0BB5 /* UIView + Extension.swift in Sources */,
				F999BCBD29376DD500D32F73 /* AppDelegate.swift in Sources */,
				F999BCBF29376DD500D32F73 /* SceneDelegate.swift in Sources */,
				F999BCF229376F2B00D32F73 /* HomeViewController.swift in Sources */,
			);
			runOnlyForDeploymentPostprocessing = 0;
		};
		F999BCCB29376DD800D32F73 /* Sources */ = {
			isa = PBXSourcesBuildPhase;
			buildActionMask = 2147483647;
			files = (
			);
			runOnlyForDeploymentPostprocessing = 0;
		};
		F999BCD529376DD800D32F73 /* Sources */ = {
			isa = PBXSourcesBuildPhase;
			buildActionMask = 2147483647;
			files = (
			);
			runOnlyForDeploymentPostprocessing = 0;
		};
/* End PBXSourcesBuildPhase section */

/* Begin PBXTargetDependency section */
		F999BCD129376DD800D32F73 /* PBXTargetDependency */ = {
			isa = PBXTargetDependency;
			target = F999BCB829376DD500D32F73 /* QuizzGame */;
			targetProxy = F999BCD029376DD800D32F73 /* PBXContainerItemProxy */;
		};
		F999BCDB29376DD800D32F73 /* PBXTargetDependency */ = {
			isa = PBXTargetDependency;
			target = F999BCB829376DD500D32F73 /* QuizzGame */;
			targetProxy = F999BCDA29376DD800D32F73 /* PBXContainerItemProxy */;
		};
/* End PBXTargetDependency section */

/* Begin PBXVariantGroup section */
		F999BCC729376DD700D32F73 /* LaunchScreen.storyboard */ = {
			isa = PBXVariantGroup;
			children = (
				F999BCC829376DD700D32F73 /* Base */,
			);
			name = LaunchScreen.storyboard;
			sourceTree = "<group>";
		};
/* End PBXVariantGroup section */

/* Begin XCBuildConfiguration section */
		F999BCE129376DD800D32F73 /* Debug */ = {
			isa = XCBuildConfiguration;
			buildSettings = {
				ALWAYS_SEARCH_USER_PATHS = NO;
				CLANG_ANALYZER_NONNULL = YES;
				CLANG_ANALYZER_NUMBER_OBJECT_CONVERSION = YES_AGGRESSIVE;
				CLANG_CXX_LANGUAGE_STANDARD = "gnu++17";
				CLANG_ENABLE_MODULES = YES;
				CLANG_ENABLE_OBJC_ARC = YES;
				CLANG_ENABLE_OBJC_WEAK = YES;
				CLANG_WARN_BLOCK_CAPTURE_AUTORELEASING = YES;
				CLANG_WARN_BOOL_CONVERSION = YES;
				CLANG_WARN_COMMA = YES;
				CLANG_WARN_CONSTANT_CONVERSION = YES;
				CLANG_WARN_DEPRECATED_OBJC_IMPLEMENTATIONS = YES;
				CLANG_WARN_DIRECT_OBJC_ISA_USAGE = YES_ERROR;
				CLANG_WARN_DOCUMENTATION_COMMENTS = YES;
				CLANG_WARN_EMPTY_BODY = YES;
				CLANG_WARN_ENUM_CONVERSION = YES;
				CLANG_WARN_INFINITE_RECURSION = YES;
				CLANG_WARN_INT_CONVERSION = YES;
				CLANG_WARN_NON_LITERAL_NULL_CONVERSION = YES;
				CLANG_WARN_OBJC_IMPLICIT_RETAIN_SELF = YES;
				CLANG_WARN_OBJC_LITERAL_CONVERSION = YES;
				CLANG_WARN_OBJC_ROOT_CLASS = YES_ERROR;
				CLANG_WARN_QUOTED_INCLUDE_IN_FRAMEWORK_HEADER = YES;
				CLANG_WARN_RANGE_LOOP_ANALYSIS = YES;
				CLANG_WARN_STRICT_PROTOTYPES = YES;
				CLANG_WARN_SUSPICIOUS_MOVE = YES;
				CLANG_WARN_UNGUARDED_AVAILABILITY = YES_AGGRESSIVE;
				CLANG_WARN_UNREACHABLE_CODE = YES;
				CLANG_WARN__DUPLICATE_METHOD_MATCH = YES;
				COPY_PHASE_STRIP = NO;
				DEBUG_INFORMATION_FORMAT = dwarf;
				ENABLE_STRICT_OBJC_MSGSEND = YES;
				ENABLE_TESTABILITY = YES;
				GCC_C_LANGUAGE_STANDARD = gnu11;
				GCC_DYNAMIC_NO_PIC = NO;
				GCC_NO_COMMON_BLOCKS = YES;
				GCC_OPTIMIZATION_LEVEL = 0;
				GCC_PREPROCESSOR_DEFINITIONS = (
					"DEBUG=1",
					"$(inherited)",
				);
				GCC_WARN_64_TO_32_BIT_CONVERSION = YES;
				GCC_WARN_ABOUT_RETURN_TYPE = YES_ERROR;
				GCC_WARN_UNDECLARED_SELECTOR = YES;
				GCC_WARN_UNINITIALIZED_AUTOS = YES_AGGRESSIVE;
				GCC_WARN_UNUSED_FUNCTION = YES;
				GCC_WARN_UNUSED_VARIABLE = YES;
				IPHONEOS_DEPLOYMENT_TARGET = 15.5;
				MTL_ENABLE_DEBUG_INFO = INCLUDE_SOURCE;
				MTL_FAST_MATH = YES;
				ONLY_ACTIVE_ARCH = YES;
				SDKROOT = iphoneos;
				SWIFT_ACTIVE_COMPILATION_CONDITIONS = DEBUG;
				SWIFT_OPTIMIZATION_LEVEL = "-Onone";
			};
			name = Debug;
		};
		F999BCE229376DD800D32F73 /* Release */ = {
			isa = XCBuildConfiguration;
			buildSettings = {
				ALWAYS_SEARCH_USER_PATHS = NO;
				CLANG_ANALYZER_NONNULL = YES;
				CLANG_ANALYZER_NUMBER_OBJECT_CONVERSION = YES_AGGRESSIVE;
				CLANG_CXX_LANGUAGE_STANDARD = "gnu++17";
				CLANG_ENABLE_MODULES = YES;
				CLANG_ENABLE_OBJC_ARC = YES;
				CLANG_ENABLE_OBJC_WEAK = YES;
				CLANG_WARN_BLOCK_CAPTURE_AUTORELEASING = YES;
				CLANG_WARN_BOOL_CONVERSION = YES;
				CLANG_WARN_COMMA = YES;
				CLANG_WARN_CONSTANT_CONVERSION = YES;
				CLANG_WARN_DEPRECATED_OBJC_IMPLEMENTATIONS = YES;
				CLANG_WARN_DIRECT_OBJC_ISA_USAGE = YES_ERROR;
				CLANG_WARN_DOCUMENTATION_COMMENTS = YES;
				CLANG_WARN_EMPTY_BODY = YES;
				CLANG_WARN_ENUM_CONVERSION = YES;
				CLANG_WARN_INFINITE_RECURSION = YES;
				CLANG_WARN_INT_CONVERSION = YES;
				CLANG_WARN_NON_LITERAL_NULL_CONVERSION = YES;
				CLANG_WARN_OBJC_IMPLICIT_RETAIN_SELF = YES;
				CLANG_WARN_OBJC_LITERAL_CONVERSION = YES;
				CLANG_WARN_OBJC_ROOT_CLASS = YES_ERROR;
				CLANG_WARN_QUOTED_INCLUDE_IN_FRAMEWORK_HEADER = YES;
				CLANG_WARN_RANGE_LOOP_ANALYSIS = YES;
				CLANG_WARN_STRICT_PROTOTYPES = YES;
				CLANG_WARN_SUSPICIOUS_MOVE = YES;
				CLANG_WARN_UNGUARDED_AVAILABILITY = YES_AGGRESSIVE;
				CLANG_WARN_UNREACHABLE_CODE = YES;
				CLANG_WARN__DUPLICATE_METHOD_MATCH = YES;
				COPY_PHASE_STRIP = NO;
				DEBUG_INFORMATION_FORMAT = "dwarf-with-dsym";
				ENABLE_NS_ASSERTIONS = NO;
				ENABLE_STRICT_OBJC_MSGSEND = YES;
				GCC_C_LANGUAGE_STANDARD = gnu11;
				GCC_NO_COMMON_BLOCKS = YES;
				GCC_WARN_64_TO_32_BIT_CONVERSION = YES;
				GCC_WARN_ABOUT_RETURN_TYPE = YES_ERROR;
				GCC_WARN_UNDECLARED_SELECTOR = YES;
				GCC_WARN_UNINITIALIZED_AUTOS = YES_AGGRESSIVE;
				GCC_WARN_UNUSED_FUNCTION = YES;
				GCC_WARN_UNUSED_VARIABLE = YES;
				IPHONEOS_DEPLOYMENT_TARGET = 15.5;
				MTL_ENABLE_DEBUG_INFO = NO;
				MTL_FAST_MATH = YES;
				SDKROOT = iphoneos;
				SWIFT_COMPILATION_MODE = wholemodule;
				SWIFT_OPTIMIZATION_LEVEL = "-O";
				VALIDATE_PRODUCT = YES;
			};
			name = Release;
		};
		F999BCE429376DD800D32F73 /* Debug */ = {
			isa = XCBuildConfiguration;
			buildSettings = {
				ASSETCATALOG_COMPILER_APPICON_NAME = AppIcon;
				ASSETCATALOG_COMPILER_GLOBAL_ACCENT_COLOR_NAME = AccentColor;
				CODE_SIGN_STYLE = Automatic;
				CURRENT_PROJECT_VERSION = 1;
				GENERATE_INFOPLIST_FILE = YES;
				INFOPLIST_FILE = QuizzGame/Assets/Info.plist;
				INFOPLIST_KEY_UIApplicationSupportsIndirectInputEvents = YES;
				INFOPLIST_KEY_UILaunchStoryboardName = LaunchScreen;
				INFOPLIST_KEY_UIMainStoryboardFile = HomeViewController;
				INFOPLIST_KEY_UISupportedInterfaceOrientations_iPad = "UIInterfaceOrientationPortrait UIInterfaceOrientationPortraitUpsideDown UIInterfaceOrientationLandscapeLeft UIInterfaceOrientationLandscapeRight";
				INFOPLIST_KEY_UISupportedInterfaceOrientations_iPhone = "UIInterfaceOrientationPortrait UIInterfaceOrientationLandscapeLeft UIInterfaceOrientationLandscapeRight";
				LD_RUNPATH_SEARCH_PATHS = (
					"$(inherited)",
					"@executable_path/Frameworks",
				);
				MARKETING_VERSION = 1.0;
				PRODUCT_BUNDLE_IDENTIFIER = andrei.simedre.QuizzGame;
				PRODUCT_NAME = "$(TARGET_NAME)";
				SWIFT_EMIT_LOC_STRINGS = YES;
				SWIFT_VERSION = 5.0;
				TARGETED_DEVICE_FAMILY = "1,2";
			};
			name = Debug;
		};
		F999BCE529376DD800D32F73 /* Release */ = {
			isa = XCBuildConfiguration;
			buildSettings = {
				ASSETCATALOG_COMPILER_APPICON_NAME = AppIcon;
				ASSETCATALOG_COMPILER_GLOBAL_ACCENT_COLOR_NAME = AccentColor;
				CODE_SIGN_STYLE = Automatic;
				CURRENT_PROJECT_VERSION = 1;
				GENERATE_INFOPLIST_FILE = YES;
				INFOPLIST_FILE = QuizzGame/Assets/Info.plist;
				INFOPLIST_KEY_UIApplicationSupportsIndirectInputEvents = YES;
				INFOPLIST_KEY_UILaunchStoryboardName = LaunchScreen;
				INFOPLIST_KEY_UIMainStoryboardFile = HomeViewController;
				INFOPLIST_KEY_UISupportedInterfaceOrientations_iPad = "UIInterfaceOrientationPortrait UIInterfaceOrientationPortraitUpsideDown UIInterfaceOrientationLandscapeLeft UIInterfaceOrientationLandscapeRight";
				INFOPLIST_KEY_UISupportedInterfaceOrientations_iPhone = "UIInterfaceOrientationPortrait UIInterfaceOrientationLandscapeLeft UIInterfaceOrientationLandscapeRight";
				LD_RUNPATH_SEARCH_PATHS = (
					"$(inherited)",
					"@executable_path/Frameworks",
				);
				MARKETING_VERSION = 1.0;
				PRODUCT_BUNDLE_IDENTIFIER = andrei.simedre.QuizzGame;
				PRODUCT_NAME = "$(TARGET_NAME)";
				SWIFT_EMIT_LOC_STRINGS = YES;
				SWIFT_VERSION = 5.0;
				TARGETED_DEVICE_FAMILY = "1,2";
			};
			name = Release;
		};
		F999BCE729376DD800D32F73 /* Debug */ = {
			isa = XCBuildConfiguration;
			buildSettings = {
				ALWAYS_EMBED_SWIFT_STANDARD_LIBRARIES = YES;
				BUNDLE_LOADER = "$(TEST_HOST)";
				CODE_SIGN_STYLE = Automatic;
				CURRENT_PROJECT_VERSION = 1;
				GENERATE_INFOPLIST_FILE = YES;
				IPHONEOS_DEPLOYMENT_TARGET = 15.5;
				MARKETING_VERSION = 1.0;
				PRODUCT_BUNDLE_IDENTIFIER = andrei.simedre.QuizzGameTests;
				PRODUCT_NAME = "$(TARGET_NAME)";
				SWIFT_EMIT_LOC_STRINGS = NO;
				SWIFT_VERSION = 5.0;
				TARGETED_DEVICE_FAMILY = "1,2";
				TEST_HOST = "$(BUILT_PRODUCTS_DIR)/QuizzGame.app/QuizzGame";
			};
			name = Debug;
		};
		F999BCE829376DD800D32F73 /* Release */ = {
			isa = XCBuildConfiguration;
			buildSettings = {
				ALWAYS_EMBED_SWIFT_STANDARD_LIBRARIES = YES;
				BUNDLE_LOADER = "$(TEST_HOST)";
				CODE_SIGN_STYLE = Automatic;
				CURRENT_PROJECT_VERSION = 1;
				GENERATE_INFOPLIST_FILE = YES;
				IPHONEOS_DEPLOYMENT_TARGET = 15.5;
				MARKETING_VERSION = 1.0;
				PRODUCT_BUNDLE_IDENTIFIER = andrei.simedre.QuizzGameTests;
				PRODUCT_NAME = "$(TARGET_NAME)";
				SWIFT_EMIT_LOC_STRINGS = NO;
				SWIFT_VERSION = 5.0;
				TARGETED_DEVICE_FAMILY = "1,2";
				TEST_HOST = "$(BUILT_PRODUCTS_DIR)/QuizzGame.app/QuizzGame";
			};
			name = Release;
		};
		F999BCEA29376DD800D32F73 /* Debug */ = {
			isa = XCBuildConfiguration;
			buildSettings = {
				ALWAYS_EMBED_SWIFT_STANDARD_LIBRARIES = YES;
				CODE_SIGN_STYLE = Automatic;
				CURRENT_PROJECT_VERSION = 1;
				GENERATE_INFOPLIST_FILE = YES;
				MARKETING_VERSION = 1.0;
				PRODUCT_BUNDLE_IDENTIFIER = andrei.simedre.QuizzGameUITests;
				PRODUCT_NAME = "$(TARGET_NAME)";
				SWIFT_EMIT_LOC_STRINGS = NO;
				SWIFT_VERSION = 5.0;
				TARGETED_DEVICE_FAMILY = "1,2";
				TEST_TARGET_NAME = QuizzGame;
			};
			name = Debug;
		};
		F999BCEB29376DD800D32F73 /* Release */ = {
			isa = XCBuildConfiguration;
			buildSettings = {
				ALWAYS_EMBED_SWIFT_STANDARD_LIBRARIES = YES;
				CODE_SIGN_STYLE = Automatic;
				CURRENT_PROJECT_VERSION = 1;
				GENERATE_INFOPLIST_FILE = YES;
				MARKETING_VERSION = 1.0;
				PRODUCT_BUNDLE_IDENTIFIER = andrei.simedre.QuizzGameUITests;
				PRODUCT_NAME = "$(TARGET_NAME)";
				SWIFT_EMIT_LOC_STRINGS = NO;
				SWIFT_VERSION = 5.0;
				TARGETED_DEVICE_FAMILY = "1,2";
				TEST_TARGET_NAME = QuizzGame;
			};
			name = Release;
		};
/* End XCBuildConfiguration section */

/* Begin XCConfigurationList section */
		F999BCB429376DD500D32F73 /* Build configuration list for PBXProject "QuizzGame" */ = {
			isa = XCConfigurationList;
			buildConfigurations = (
				F999BCE129376DD800D32F73 /* Debug */,
				F999BCE229376DD800D32F73 /* Release */,
			);
			defaultConfigurationIsVisible = 0;
			defaultConfigurationName = Release;
		};
		F999BCE329376DD800D32F73 /* Build configuration list for PBXNativeTarget "QuizzGame" */ = {
			isa = XCConfigurationList;
			buildConfigurations = (
				F999BCE429376DD800D32F73 /* Debug */,
				F999BCE529376DD800D32F73 /* Release */,
			);
			defaultConfigurationIsVisible = 0;
			defaultConfigurationName = Release;
		};
		F999BCE629376DD800D32F73 /* Build configuration list for PBXNativeTarget "QuizzGameTests" */ = {
			isa = XCConfigurationList;
			buildConfigurations = (
				F999BCE729376DD800D32F73 /* Debug */,
				F999BCE829376DD800D32F73 /* Release */,
			);
			defaultConfigurationIsVisible = 0;
			defaultConfigurationName = Release;
		};
		F999BCE929376DD800D32F73 /* Build configuration list for PBXNativeTarget "QuizzGameUITests" */ = {
			isa = XCConfigurationList;
			buildConfigurations = (
				F999BCEA29376DD800D32F73 /* Debug */,
				F999BCEB29376DD800D32F73 /* Release */,
			);
			defaultConfigurationIsVisible = 0;
			defaultConfigurationName = Release;
		};
/* End XCConfigurationList section */
	};
	rootObject = F999BCB129376DD500D32F73 /* Project object */;
}
